
Microsoft Visual Studio Solution File, Format Version 12.00
# Visual Studio Version 16
VisualStudioVersion = 16.0.30611.23
MinimumVisualStudioVersion = 10.0.40219.1
Project("{FAE04EC0-301F-11D3-BF4B-00C04F79EFBC}") = "PathFinder", "PathFinder\PathFinder.csproj", "{AE9A8C66-0555-4B40-8E1D-02EF8C84971A}"
EndProject
Global
	GlobalSection(SolutionConfigurationPlatforms) = preSolution
		Debug|Any CPU = Debug|Any CPU
		Release|Any CPU = Release|Any CPU
	EndGlobalSection
	GlobalSection(ProjectConfigurationPlatforms) = postSolution
		{AE9A8C66-0555-4B40-8E1D-02EF8C84971A}.Debug|Any CPU.ActiveCfg = Debug|Any CPU
		{AE9A8C66-0555-4B40-8E1D-02EF8C84971A}.Debug|Any CPU.Build.0 = Debug|Any CPU
		{AE9A8C66-0555-4B40-8E1D-02EF8C84971A}.Release|Any CPU.ActiveCfg = Release|Any CPU
		{AE9A8C66-0555-4B40-8E1D-02EF8C84971A}.Release|Any CPU.Build.0 = Release|Any CPU
	EndGlobalSection
	GlobalSection(SolutionProperties) = preSolution
		HideSolutionNode = FALSE
	EndGlobalSection
	GlobalSection(ExtensibilityGlobals) = postSolution
		SolutionGuid = {AB6E0AC6-2CE4-4BFA-8350-6A79E862014C}
	EndGlobalSection
EndGlobal
